
Microsoft Visual Studio Solution File, Format Version 12.00
# Visual Studio Version 17
VisualStudioVersion = 17.11.35327.3
MinimumVisualStudioVersion = 10.0.40219.1
Project("{FAE04EC0-301F-11D3-BF4B-00C04F79EFBC}") = "PassportCar", "PassportCar\PassportCar.csproj", "{EF9C114C-A077-4A7E-B022-284D0063157C}"
EndProject
Global
	GlobalSection(SolutionConfigurationPlatforms) = preSolution
		Debug|Any CPU = Debug|Any CPU
		Release|Any CPU = Release|Any CPU
	EndGlobalSection
	GlobalSection(ProjectConfigurationPlatforms) = postSolution
		{EF9C114C-A077-4A7E-B022-284D0063157C}.Debug|Any CPU.ActiveCfg = Debug|Any CPU
		{EF9C114C-A077-4A7E-B022-284D0063157C}.Debug|Any CPU.Build.0 = Debug|Any CPU
		{EF9C114C-A077-4A7E-B022-284D0063157C}.Release|Any CPU.ActiveCfg = Release|Any CPU
		{EF9C114C-A077-4A7E-B022-284D0063157C}.Release|Any CPU.Build.0 = Release|Any CPU
	EndGlobalSection
	GlobalSection(SolutionProperties) = preSolution
		HideSolutionNode = FALSE
	EndGlobalSection
	GlobalSection(ExtensibilityGlobals) = postSolution
		SolutionGuid = {DB3CDBD9-2DDB-4435-B604-83DC4EEE9E3B}
	EndGlobalSection
EndGlobal
