
Microsoft Visual Studio Solution File, Format Version 12.00
# Visual Studio Version 17
VisualStudioVersion = 17.11.35327.3
MinimumVisualStudioVersion = 10.0.40219.1
Project("{FAE04EC0-301F-11D3-BF4B-00C04F79EFBC}") = "ClassBook", "ClassBook\ClassBook.csproj", "{E5465D44-0AEB-4D82-BE35-F5ADA129DC1D}"
EndProject
Global
	GlobalSection(SolutionConfigurationPlatforms) = preSolution
		Debug|Any CPU = Debug|Any CPU
		Release|Any CPU = Release|Any CPU
	EndGlobalSection
	GlobalSection(ProjectConfigurationPlatforms) = postSolution
		{E5465D44-0AEB-4D82-BE35-F5ADA129DC1D}.Debug|Any CPU.ActiveCfg = Debug|Any CPU
		{E5465D44-0AEB-4D82-BE35-F5ADA129DC1D}.Debug|Any CPU.Build.0 = Debug|Any CPU
		{E5465D44-0AEB-4D82-BE35-F5ADA129DC1D}.Release|Any CPU.ActiveCfg = Release|Any CPU
		{E5465D44-0AEB-4D82-BE35-F5ADA129DC1D}.Release|Any CPU.Build.0 = Release|Any CPU
	EndGlobalSection
	GlobalSection(SolutionProperties) = preSolution
		HideSolutionNode = FALSE
	EndGlobalSection
	GlobalSection(ExtensibilityGlobals) = postSolution
		SolutionGuid = {4F85FF16-92D1-481A-A96C-2642796D36F6}
	EndGlobalSection
EndGlobal
